
Microsoft Visual Studio Solution File, Format Version 12.00
# Visual Studio Version 17
VisualStudioVersion = 17.6.33712.159
MinimumVisualStudioVersion = 10.0.40219.1
Project("{FAE04EC0-301F-11D3-BF4B-00C04F79EFBC}") = "MSTest-Mood-Analyzer-Problem", "MSTest-Mood-Analyzer-Problem.csproj", "{55001FCA-91F7-48B0-9C64-8EED08349DBC}"
EndProject
Project("{FAE04EC0-301F-11D3-BF4B-00C04F79EFBC}") = "TestProject1-MoodAnalyzer", "..\TestProject1-MoodAnalyzer\TestProject1-MoodAnalyzer.csproj", "{2CB311A2-FB8F-4BD8-8E7C-BE5BE636AB4F}"
EndProject
Global
	GlobalSection(SolutionConfigurationPlatforms) = preSolution
		Debug|Any CPU = Debug|Any CPU
		Release|Any CPU = Release|Any CPU
	EndGlobalSection
	GlobalSection(ProjectConfigurationPlatforms) = postSolution
		{55001FCA-91F7-48B0-9C64-8EED08349DBC}.Debug|Any CPU.ActiveCfg = Debug|Any CPU
		{55001FCA-91F7-48B0-9C64-8EED08349DBC}.Debug|Any CPU.Build.0 = Debug|Any CPU
		{55001FCA-91F7-48B0-9C64-8EED08349DBC}.Release|Any CPU.ActiveCfg = Release|Any CPU
		{55001FCA-91F7-48B0-9C64-8EED08349DBC}.Release|Any CPU.Build.0 = Release|Any CPU
		{2CB311A2-FB8F-4BD8-8E7C-BE5BE636AB4F}.Debug|Any CPU.ActiveCfg = Debug|Any CPU
		{2CB311A2-FB8F-4BD8-8E7C-BE5BE636AB4F}.Debug|Any CPU.Build.0 = Debug|Any CPU
		{2CB311A2-FB8F-4BD8-8E7C-BE5BE636AB4F}.Release|Any CPU.ActiveCfg = Release|Any CPU
		{2CB311A2-FB8F-4BD8-8E7C-BE5BE636AB4F}.Release|Any CPU.Build.0 = Release|Any CPU
	EndGlobalSection
	GlobalSection(SolutionProperties) = preSolution
		HideSolutionNode = FALSE
	EndGlobalSection
	GlobalSection(ExtensibilityGlobals) = postSolution
		SolutionGuid = {658B6376-AD8A-424F-8380-D2A993CF5831}
	EndGlobalSection
EndGlobal
